{
  "version": 4,
  "terraform_version": "1.11.4",
  "serial": 1,
  "lineage": "a8dc2d30-004e-7356-f7a7-aa4327f4ee59",
  "outputs": {},
  "resources": [
    {
      "mode": "managed",
      "type": "local_file",
      "name": "example",
      "provider": "provider[\"registry.terraform.io/hashicorp/local\"]",
      "instances": [
        {
          "schema_version": 0,
          "attributes": {
            "content": "This file is created in workspace: dev",
            "content_base64": null,
            "content_base64sha256": "ELxSWaVGhuuDvJRwTMPpK6NONDplLDderXyF4tAhPTg=",
            "content_base64sha512": "IdZuV634VWqVspCI5O/wetYXlHvyPd/ZPsWO2tdv1rnMix3k0xwBKz8n8RIC+hnG7BtAZ9y90CIBSL50BUaJ8g==",
            "content_md5": "2f0ac095fbe580390578ca0e77e0a1b6",
            "content_sha1": "8788680802ee3e4e4246b082cd3e350b623c8fe9",
            "content_sha256": "10bc5259a54686eb83bc94704cc3e92ba34e343a652c375ead7c85e2d0213d38",
            "content_sha512": "21d66e57adf8556a95b29088e4eff07ad617947bf23ddfd93ec58edad76fd6b9cc8b1de4d31c012b3f27f11202fa19c6ec1b4067dcbdd0220148be74054689f2",
            "directory_permission": "0777",
            "file_permission": "0777",
            "filename": "example-dev.txt",
            "id": "8788680802ee3e4e4246b082cd3e350b623c8fe9",
            "sensitive_content": null,
            "source": null
          },
          "sensitive_attributes": [
            [
              {
                "type": "get_attr",
                "value": "sensitive_content"
              }
            ]
          ]
        }
      ]
    }
  ],
  "check_results": null
}
